
Microsoft Visual Studio Solution File, Format Version 12.00
# Visual Studio Version 16
VisualStudioVersion = 16.0.31624.102
MinimumVisualStudioVersion = 10.0.40219.1
Project("{FAE04EC0-301F-11D3-BF4B-00C04F79EFBC}") = "Lab_3_ОІПЗ", "Lab_3_ОІПЗ\Lab_3_ОІПЗ.csproj", "{DABEED6A-D309-4446-881E-F48A53A2CC0B}"
EndProject
Global
	GlobalSection(SolutionConfigurationPlatforms) = preSolution
		Debug|Any CPU = Debug|Any CPU
		Release|Any CPU = Release|Any CPU
	EndGlobalSection
	GlobalSection(ProjectConfigurationPlatforms) = postSolution
		{DABEED6A-D309-4446-881E-F48A53A2CC0B}.Debug|Any CPU.ActiveCfg = Debug|Any CPU
		{DABEED6A-D309-4446-881E-F48A53A2CC0B}.Debug|Any CPU.Build.0 = Debug|Any CPU
		{DABEED6A-D309-4446-881E-F48A53A2CC0B}.Release|Any CPU.ActiveCfg = Release|Any CPU
		{DABEED6A-D309-4446-881E-F48A53A2CC0B}.Release|Any CPU.Build.0 = Release|Any CPU
	EndGlobalSection
	GlobalSection(SolutionProperties) = preSolution
		HideSolutionNode = FALSE
	EndGlobalSection
	GlobalSection(ExtensibilityGlobals) = postSolution
		SolutionGuid = {99BA31E2-2696-4F30-8270-C552B8667766}
	EndGlobalSection
EndGlobal
